
Microsoft Visual Studio Solution File, Format Version 12.00
# Visual Studio Version 17
VisualStudioVersion = 17.1.32319.34
MinimumVisualStudioVersion = 10.0.40219.1
Project("{FAE04EC0-301F-11D3-BF4B-00C04F79EFBC}") = "web-app-Museo", "web-app-Museo\web-app-Museo.csproj", "{DBFED74F-DAE4-4E74-AB28-4F86EFA44BF4}"
EndProject
Global
	GlobalSection(SolutionConfigurationPlatforms) = preSolution
		Debug|Any CPU = Debug|Any CPU
		Release|Any CPU = Release|Any CPU
	EndGlobalSection
	GlobalSection(ProjectConfigurationPlatforms) = postSolution
		{DBFED74F-DAE4-4E74-AB28-4F86EFA44BF4}.Debug|Any CPU.ActiveCfg = Debug|Any CPU
		{DBFED74F-DAE4-4E74-AB28-4F86EFA44BF4}.Debug|Any CPU.Build.0 = Debug|Any CPU
		{DBFED74F-DAE4-4E74-AB28-4F86EFA44BF4}.Release|Any CPU.ActiveCfg = Release|Any CPU
		{DBFED74F-DAE4-4E74-AB28-4F86EFA44BF4}.Release|Any CPU.Build.0 = Release|Any CPU
	EndGlobalSection
	GlobalSection(SolutionProperties) = preSolution
		HideSolutionNode = FALSE
	EndGlobalSection
	GlobalSection(ExtensibilityGlobals) = postSolution
		SolutionGuid = {F870694D-1E22-415E-A11F-1145BAC06EA5}
	EndGlobalSection
EndGlobal
